
Microsoft Visual Studio Solution File, Format Version 12.00
# Visual Studio Version 17
VisualStudioVersion = 17.2.32505.173
MinimumVisualStudioVersion = 10.0.40219.1
Project("{9A19103F-16F7-4668-BE54-9A1E7A4F7556}") = "Restaurant.Booking", "Restaurant.Booking\Restaurant.Booking.csproj", "{A000DF63-6A48-4615-B0DA-20057EA483EB}"
EndProject
Project("{9A19103F-16F7-4668-BE54-9A1E7A4F7556}") = "Restaurant.Notification", "Restaurant.Notification\Restaurant.Notification.csproj", "{2C4434D6-C483-424B-908A-AC7853FCEFF2}"
EndProject
Project("{9A19103F-16F7-4668-BE54-9A1E7A4F7556}") = "Restaurant.Messages", "Restaurant.Messages\Restaurant.Messages.csproj", "{9900E743-1602-4A0A-8983-0E3902A3B09A}"
EndProject
Project("{9A19103F-16F7-4668-BE54-9A1E7A4F7556}") = "Restaurant.Kitchen", "Restaurant.Kitchen\Restaurant.Kitchen.csproj", "{39A336BF-06B5-4177-88F7-9CFECE99E07C}"
EndProject
Project("{FAE04EC0-301F-11D3-BF4B-00C04F79EFBC}") = "Messaging", "Messaging\Messaging.csproj", "{4D899F4C-D5B3-44B6-A90F-7B88F0FF1471}"
EndProject
Global
	GlobalSection(SolutionConfigurationPlatforms) = preSolution
		Debug|Any CPU = Debug|Any CPU
		Release|Any CPU = Release|Any CPU
	EndGlobalSection
	GlobalSection(ProjectConfigurationPlatforms) = postSolution
		{A000DF63-6A48-4615-B0DA-20057EA483EB}.Debug|Any CPU.ActiveCfg = Debug|Any CPU
		{A000DF63-6A48-4615-B0DA-20057EA483EB}.Debug|Any CPU.Build.0 = Debug|Any CPU
		{A000DF63-6A48-4615-B0DA-20057EA483EB}.Release|Any CPU.ActiveCfg = Release|Any CPU
		{A000DF63-6A48-4615-B0DA-20057EA483EB}.Release|Any CPU.Build.0 = Release|Any CPU
		{2C4434D6-C483-424B-908A-AC7853FCEFF2}.Debug|Any CPU.ActiveCfg = Debug|Any CPU
		{2C4434D6-C483-424B-908A-AC7853FCEFF2}.Debug|Any CPU.Build.0 = Debug|Any CPU
		{2C4434D6-C483-424B-908A-AC7853FCEFF2}.Release|Any CPU.ActiveCfg = Release|Any CPU
		{2C4434D6-C483-424B-908A-AC7853FCEFF2}.Release|Any CPU.Build.0 = Release|Any CPU
		{9900E743-1602-4A0A-8983-0E3902A3B09A}.Debug|Any CPU.ActiveCfg = Debug|Any CPU
		{9900E743-1602-4A0A-8983-0E3902A3B09A}.Debug|Any CPU.Build.0 = Debug|Any CPU
		{9900E743-1602-4A0A-8983-0E3902A3B09A}.Release|Any CPU.ActiveCfg = Release|Any CPU
		{9900E743-1602-4A0A-8983-0E3902A3B09A}.Release|Any CPU.Build.0 = Release|Any CPU
		{39A336BF-06B5-4177-88F7-9CFECE99E07C}.Debug|Any CPU.ActiveCfg = Debug|Any CPU
		{39A336BF-06B5-4177-88F7-9CFECE99E07C}.Debug|Any CPU.Build.0 = Debug|Any CPU
		{39A336BF-06B5-4177-88F7-9CFECE99E07C}.Release|Any CPU.ActiveCfg = Release|Any CPU
		{39A336BF-06B5-4177-88F7-9CFECE99E07C}.Release|Any CPU.Build.0 = Release|Any CPU
		{4D899F4C-D5B3-44B6-A90F-7B88F0FF1471}.Debug|Any CPU.ActiveCfg = Debug|Any CPU
		{4D899F4C-D5B3-44B6-A90F-7B88F0FF1471}.Debug|Any CPU.Build.0 = Debug|Any CPU
		{4D899F4C-D5B3-44B6-A90F-7B88F0FF1471}.Release|Any CPU.ActiveCfg = Release|Any CPU
		{4D899F4C-D5B3-44B6-A90F-7B88F0FF1471}.Release|Any CPU.Build.0 = Release|Any CPU
	EndGlobalSection
	GlobalSection(SolutionProperties) = preSolution
		HideSolutionNode = FALSE
	EndGlobalSection
	GlobalSection(ExtensibilityGlobals) = postSolution
		SolutionGuid = {154A5796-9FAE-4933-9FD9-A638401981EE}
	EndGlobalSection
EndGlobal
